
Microsoft Visual Studio Solution File, Format Version 12.00
# Visual Studio Version 17
VisualStudioVersion = 17.6.33815.320
MinimumVisualStudioVersion = 10.0.40219.1
Project("{FAE04EC0-301F-11D3-BF4B-00C04F79EFBC}") = "FreeWeekTG", "FreeWeekTG\FreeWeekTG.csproj", "{80600853-5264-4908-8D0A-EE5A0EB5364E}"
EndProject
Global
	GlobalSection(SolutionConfigurationPlatforms) = preSolution
		Debug|Any CPU = Debug|Any CPU
		Release|Any CPU = Release|Any CPU
	EndGlobalSection
	GlobalSection(ProjectConfigurationPlatforms) = postSolution
		{80600853-5264-4908-8D0A-EE5A0EB5364E}.Debug|Any CPU.ActiveCfg = Debug|Any CPU
		{80600853-5264-4908-8D0A-EE5A0EB5364E}.Debug|Any CPU.Build.0 = Debug|Any CPU
		{80600853-5264-4908-8D0A-EE5A0EB5364E}.Release|Any CPU.ActiveCfg = Release|Any CPU
		{80600853-5264-4908-8D0A-EE5A0EB5364E}.Release|Any CPU.Build.0 = Release|Any CPU
	EndGlobalSection
	GlobalSection(SolutionProperties) = preSolution
		HideSolutionNode = FALSE
	EndGlobalSection
	GlobalSection(ExtensibilityGlobals) = postSolution
		SolutionGuid = {05DA5FFC-D349-40DE-8CD0-D45D28EB5852}
	EndGlobalSection
EndGlobal
